<Solution>
  <Folder Name="/docs/">
    <File Path="../../../../Downloads/desafio-tecnico-livraria.pdf" />
  </Folder>
  <Folder Name="/src/">
    <Project Path="src/GerenciadorLivraria.Application/GerenciadorLivraria.Application.csproj" />
    <Project Path="src/GerenciadorLivraria.Domain/GerenciadorLivraria.Domain.csproj" />
    <Project Path="src/GerenciadorLivraria.Infrastructure/GerenciadorLivraria.Infrastructure.csproj" />
    <Project Path="src/GerenciadorLivraria.Shared/GerenciadorLivraria.Shared.csproj" />
    <Project Path="src/GerenciadorLivraria/GerenciadorLivraria.csproj" />
  </Folder>
  <Folder Name="/tests/">
    <Project Path="tests/GerenciadorLivraria.BddTests/GerenciadorLivraria.BddTests.csproj" />
    <Project Path="tests/GerenciadorLivraria.UnitTests/GerenciadorLivraria.UnitTests.csproj" />
  </Folder>
</Solution>
